
Microsoft Visual Studio Solution File, Format Version 12.00
# Visual Studio Version 17
VisualStudioVersion = 17.12.35527.113
MinimumVisualStudioVersion = 10.0.40219.1
Project("{FAE04EC0-301F-11D3-BF4B-00C04F79EFBC}") = "NaSpontanie.API", "NaSpontanie.API\NaSpontanie.API.csproj", "{CDB8EA09-ADC4-418E-B849-DCA8E5108650}"
EndProject
Project("{FAE04EC0-301F-11D3-BF4B-00C04F79EFBC}") = "NaSpontanie.MAUI", "NaSpontanie.MAUI\NaSpontanie.MAUI.csproj", "{58F25466-A37C-4BB3-9860-246AB9B3AA23}"
EndProject
Project("{2150E333-8FDC-42A3-9474-1A3956D46DE8}") = "Elementy rozwiązania", "Elementy rozwiązania", "{5F6B6D80-A926-4F0A-94D7-A1214C071896}"
	ProjectSection(SolutionItems) = preProject
		.gitignore = .gitignore
	EndProjectSection
EndProject
Global
	GlobalSection(SolutionConfigurationPlatforms) = preSolution
		Debug|Any CPU = Debug|Any CPU
		Release|Any CPU = Release|Any CPU
	EndGlobalSection
	GlobalSection(ProjectConfigurationPlatforms) = postSolution
		{CDB8EA09-ADC4-418E-B849-DCA8E5108650}.Debug|Any CPU.ActiveCfg = Debug|Any CPU
		{CDB8EA09-ADC4-418E-B849-DCA8E5108650}.Debug|Any CPU.Build.0 = Debug|Any CPU
		{CDB8EA09-ADC4-418E-B849-DCA8E5108650}.Release|Any CPU.ActiveCfg = Release|Any CPU
		{CDB8EA09-ADC4-418E-B849-DCA8E5108650}.Release|Any CPU.Build.0 = Release|Any CPU
		{58F25466-A37C-4BB3-9860-246AB9B3AA23}.Debug|Any CPU.ActiveCfg = Debug|Any CPU
		{58F25466-A37C-4BB3-9860-246AB9B3AA23}.Debug|Any CPU.Build.0 = Debug|Any CPU
		{58F25466-A37C-4BB3-9860-246AB9B3AA23}.Debug|Any CPU.Deploy.0 = Debug|Any CPU
		{58F25466-A37C-4BB3-9860-246AB9B3AA23}.Release|Any CPU.ActiveCfg = Release|Any CPU
		{58F25466-A37C-4BB3-9860-246AB9B3AA23}.Release|Any CPU.Build.0 = Release|Any CPU
		{58F25466-A37C-4BB3-9860-246AB9B3AA23}.Release|Any CPU.Deploy.0 = Release|Any CPU
	EndGlobalSection
	GlobalSection(SolutionProperties) = preSolution
		HideSolutionNode = FALSE
	EndGlobalSection
EndGlobal
